
Microsoft Visual Studio Solution File, Format Version 12.00
# Visual Studio Version 16
VisualStudioVersion = 16.0.30320.27
MinimumVisualStudioVersion = 10.0.40219.1
Project("{FAE04EC0-301F-11D3-BF4B-00C04F79EFBC}") = "Pockemon", "Pockemon\Pockemon.csproj", "{DE8DD73F-C169-40DF-AF36-07B850280EFE}"
EndProject
Project("{9A19103F-16F7-4668-BE54-9A1E7A4F7556}") = "PokeApi.NET", "..\PokeApi.NET-v2\PokeApi.NET\PokeApi.NET.csproj", "{3CB65526-8112-4049-80AC-A426098641E8}"
EndProject
Global
	GlobalSection(SolutionConfigurationPlatforms) = preSolution
		Debug|Any CPU = Debug|Any CPU
		Release|Any CPU = Release|Any CPU
	EndGlobalSection
	GlobalSection(ProjectConfigurationPlatforms) = postSolution
		{DE8DD73F-C169-40DF-AF36-07B850280EFE}.Debug|Any CPU.ActiveCfg = Debug|Any CPU
		{DE8DD73F-C169-40DF-AF36-07B850280EFE}.Debug|Any CPU.Build.0 = Debug|Any CPU
		{DE8DD73F-C169-40DF-AF36-07B850280EFE}.Release|Any CPU.ActiveCfg = Release|Any CPU
		{DE8DD73F-C169-40DF-AF36-07B850280EFE}.Release|Any CPU.Build.0 = Release|Any CPU
		{3CB65526-8112-4049-80AC-A426098641E8}.Debug|Any CPU.ActiveCfg = Debug|Any CPU
		{3CB65526-8112-4049-80AC-A426098641E8}.Debug|Any CPU.Build.0 = Debug|Any CPU
		{3CB65526-8112-4049-80AC-A426098641E8}.Release|Any CPU.ActiveCfg = Release|Any CPU
		{3CB65526-8112-4049-80AC-A426098641E8}.Release|Any CPU.Build.0 = Release|Any CPU
	EndGlobalSection
	GlobalSection(SolutionProperties) = preSolution
		HideSolutionNode = FALSE
	EndGlobalSection
	GlobalSection(ExtensibilityGlobals) = postSolution
		SolutionGuid = {691A4F2C-4FB6-4375-8456-CC8DF053F834}
	EndGlobalSection
EndGlobal
